
Microsoft Visual Studio Solution File, Format Version 12.00
# Visual Studio 14
VisualStudioVersion = 14.0.25420.1
MinimumVisualStudioVersion = 10.0.40219.1
Project("{FAE04EC0-301F-11D3-BF4B-00C04F79EFBC}") = "TestConnection", "TestConnection\TestConnection.csproj", "{258343B9-8826-4863-8086-E6725B398B33}"
EndProject
Global
	GlobalSection(SolutionConfigurationPlatforms) = preSolution
		Debug|Any CPU = Debug|Any CPU
		Release|Any CPU = Release|Any CPU
	EndGlobalSection
	GlobalSection(ProjectConfigurationPlatforms) = postSolution
		{258343B9-8826-4863-8086-E6725B398B33}.Debug|Any CPU.ActiveCfg = Debug|Any CPU
		{258343B9-8826-4863-8086-E6725B398B33}.Debug|Any CPU.Build.0 = Debug|Any CPU
		{258343B9-8826-4863-8086-E6725B398B33}.Release|Any CPU.ActiveCfg = Release|Any CPU
		{258343B9-8826-4863-8086-E6725B398B33}.Release|Any CPU.Build.0 = Release|Any CPU
	EndGlobalSection
	GlobalSection(SolutionProperties) = preSolution
		HideSolutionNode = FALSE
	EndGlobalSection
EndGlobal
